
Microsoft Visual Studio Solution File, Format Version 12.00
# Visual Studio Version 16
VisualStudioVersion = 16.0.30621.155
MinimumVisualStudioVersion = 10.0.40219.1
Project("{9092AA53-FB77-4645-B42D-1CCCA6BD08BD}") = "Newsletter Service", "Newsletter Service\Newsletter Service.njsproj", "{7AD26470-4ABD-49C6-8B63-5CE424B1EA67}"
EndProject
Global
	GlobalSection(SolutionConfigurationPlatforms) = preSolution
		Debug|Any CPU = Debug|Any CPU
		Release|Any CPU = Release|Any CPU
	EndGlobalSection
	GlobalSection(ProjectConfigurationPlatforms) = postSolution
		{7AD26470-4ABD-49C6-8B63-5CE424B1EA67}.Debug|Any CPU.ActiveCfg = Debug|Any CPU
		{7AD26470-4ABD-49C6-8B63-5CE424B1EA67}.Debug|Any CPU.Build.0 = Debug|Any CPU
		{7AD26470-4ABD-49C6-8B63-5CE424B1EA67}.Release|Any CPU.ActiveCfg = Release|Any CPU
		{7AD26470-4ABD-49C6-8B63-5CE424B1EA67}.Release|Any CPU.Build.0 = Release|Any CPU
	EndGlobalSection
	GlobalSection(SolutionProperties) = preSolution
		HideSolutionNode = FALSE
	EndGlobalSection
	GlobalSection(ExtensibilityGlobals) = postSolution
		SolutionGuid = {06BF1FCC-0953-41DC-8134-C2A4CA03C387}
	EndGlobalSection
EndGlobal
